
Microsoft Visual Studio Solution File, Format Version 12.00
# Visual Studio Version 16
VisualStudioVersion = 16.0.30225.117
MinimumVisualStudioVersion = 10.0.40219.1
Project("{FAE04EC0-301F-11D3-BF4B-00C04F79EFBC}") = "masterpage", "masterpage.csproj", "{A3043F93-9115-4C00-A349-B9226ED6E9F3}"
EndProject
Global
	GlobalSection(SolutionConfigurationPlatforms) = preSolution
		Debug|Any CPU = Debug|Any CPU
		Release|Any CPU = Release|Any CPU
	EndGlobalSection
	GlobalSection(ProjectConfigurationPlatforms) = postSolution
		{A3043F93-9115-4C00-A349-B9226ED6E9F3}.Debug|Any CPU.ActiveCfg = Debug|Any CPU
		{A3043F93-9115-4C00-A349-B9226ED6E9F3}.Debug|Any CPU.Build.0 = Debug|Any CPU
		{A3043F93-9115-4C00-A349-B9226ED6E9F3}.Release|Any CPU.ActiveCfg = Release|Any CPU
		{A3043F93-9115-4C00-A349-B9226ED6E9F3}.Release|Any CPU.Build.0 = Release|Any CPU
	EndGlobalSection
	GlobalSection(SolutionProperties) = preSolution
		HideSolutionNode = FALSE
	EndGlobalSection
	GlobalSection(ExtensibilityGlobals) = postSolution
		SolutionGuid = {A2259332-2152-41EA-861A-2DECB53233B0}
	EndGlobalSection
EndGlobal
