
Microsoft Visual Studio Solution File, Format Version 12.00
# Visual Studio Version 16
VisualStudioVersion = 16.0.30225.117
MinimumVisualStudioVersion = 10.0.40219.1
Project("{FAE04EC0-301F-11D3-BF4B-00C04F79EFBC}") = "classlibrary", "classlibrary\classlibrary.csproj", "{246E4262-211D-422B-A561-131FCC9C7745}"
EndProject
Project("{FAE04EC0-301F-11D3-BF4B-00C04F79EFBC}") = "myapp", "myapp\myapp.csproj", "{1892E954-394D-4A6F-AF65-CBB32FF413F4}"
EndProject
Global
	GlobalSection(SolutionConfigurationPlatforms) = preSolution
		Debug|Any CPU = Debug|Any CPU
		Release|Any CPU = Release|Any CPU
	EndGlobalSection
	GlobalSection(ProjectConfigurationPlatforms) = postSolution
		{246E4262-211D-422B-A561-131FCC9C7745}.Debug|Any CPU.ActiveCfg = Debug|Any CPU
		{246E4262-211D-422B-A561-131FCC9C7745}.Debug|Any CPU.Build.0 = Debug|Any CPU
		{246E4262-211D-422B-A561-131FCC9C7745}.Release|Any CPU.ActiveCfg = Release|Any CPU
		{246E4262-211D-422B-A561-131FCC9C7745}.Release|Any CPU.Build.0 = Release|Any CPU
		{1892E954-394D-4A6F-AF65-CBB32FF413F4}.Debug|Any CPU.ActiveCfg = Debug|Any CPU
		{1892E954-394D-4A6F-AF65-CBB32FF413F4}.Debug|Any CPU.Build.0 = Debug|Any CPU
		{1892E954-394D-4A6F-AF65-CBB32FF413F4}.Release|Any CPU.ActiveCfg = Release|Any CPU
		{1892E954-394D-4A6F-AF65-CBB32FF413F4}.Release|Any CPU.Build.0 = Release|Any CPU
	EndGlobalSection
	GlobalSection(SolutionProperties) = preSolution
		HideSolutionNode = FALSE
	EndGlobalSection
	GlobalSection(ExtensibilityGlobals) = postSolution
		SolutionGuid = {908CA4F0-E22A-4815-BABC-C536F5DF8A8D}
	EndGlobalSection
EndGlobal
