
Microsoft Visual Studio Solution File, Format Version 12.00
# Visual Studio Version 16
VisualStudioVersion = 16.0.30225.117
MinimumVisualStudioVersion = 10.0.40219.1
Project("{FAE04EC0-301F-11D3-BF4B-00C04F79EFBC}") = "day2p1", "day2p1.csproj", "{CDD613A7-2950-4E75-A46A-C8FB8FEAD276}"
EndProject
Global
	GlobalSection(SolutionConfigurationPlatforms) = preSolution
		Debug|Any CPU = Debug|Any CPU
		Release|Any CPU = Release|Any CPU
	EndGlobalSection
	GlobalSection(ProjectConfigurationPlatforms) = postSolution
		{CDD613A7-2950-4E75-A46A-C8FB8FEAD276}.Debug|Any CPU.ActiveCfg = Debug|Any CPU
		{CDD613A7-2950-4E75-A46A-C8FB8FEAD276}.Debug|Any CPU.Build.0 = Debug|Any CPU
		{CDD613A7-2950-4E75-A46A-C8FB8FEAD276}.Release|Any CPU.ActiveCfg = Release|Any CPU
		{CDD613A7-2950-4E75-A46A-C8FB8FEAD276}.Release|Any CPU.Build.0 = Release|Any CPU
	EndGlobalSection
	GlobalSection(SolutionProperties) = preSolution
		HideSolutionNode = FALSE
	EndGlobalSection
	GlobalSection(ExtensibilityGlobals) = postSolution
		SolutionGuid = {BA3B68E1-45D2-445C-8FA4-6D07BB553EEE}
	EndGlobalSection
EndGlobal
